
Microsoft Visual Studio Solution File, Format Version 12.00
# Visual Studio Version 16
VisualStudioVersion = 16.0.31025.194
MinimumVisualStudioVersion = 10.0.40219.1
Project("{FAE04EC0-301F-11D3-BF4B-00C04F79EFBC}") = "MyCoin", "MyCoin.csproj", "{F6988806-54DE-40B8-98D6-0CA62283B67D}"
EndProject
Global
	GlobalSection(SolutionConfigurationPlatforms) = preSolution
		Debug|Any CPU = Debug|Any CPU
		Release|Any CPU = Release|Any CPU
	EndGlobalSection
	GlobalSection(ProjectConfigurationPlatforms) = postSolution
		{F6988806-54DE-40B8-98D6-0CA62283B67D}.Debug|Any CPU.ActiveCfg = Debug|Any CPU
		{F6988806-54DE-40B8-98D6-0CA62283B67D}.Debug|Any CPU.Build.0 = Debug|Any CPU
		{F6988806-54DE-40B8-98D6-0CA62283B67D}.Release|Any CPU.ActiveCfg = Release|Any CPU
		{F6988806-54DE-40B8-98D6-0CA62283B67D}.Release|Any CPU.Build.0 = Release|Any CPU
	EndGlobalSection
	GlobalSection(SolutionProperties) = preSolution
		HideSolutionNode = FALSE
	EndGlobalSection
	GlobalSection(ExtensibilityGlobals) = postSolution
		SolutionGuid = {6AF0F311-19BB-49D0-996C-8551EF5013F6}
	EndGlobalSection
EndGlobal
